// !$*UTF8*$!
{
	archiveVersion = 1;
	classes = {
	};
	objectVersion = 46;
	objects = {

/* Begin PBXBuildFile section */
		404D91911F5BCE6F00514C8E /* AppDelegate.swift in Sources */ = {isa = PBXBuildFile; fileRef = 404D91901F5BCE6F00514C8E /* AppDelegate.swift */; };
		404D91931F5BCE6F00514C8E /* ViewController.swift in Sources */ = {isa = PBXBuildFile; fileRef = 404D91921F5BCE6F00514C8E /* ViewController.swift */; };
		404D91961F5BCE6F00514C8E /* Main.storyboard in Resources */ = {isa = PBXBuildFile; fileRef = 404D91941F5BCE6F00514C8E /* Main.storyboard */; };
		404D91981F5BCE6F00514C8E /* Assets.xcassets in Resources */ = {isa = PBXBuildFile; fileRef = 404D91971F5BCE6F00514C8E /* Assets.xcassets */; };
		404D919B1F5BCE6F00514C8E /* LaunchScreen.storyboard in Resources */ = {isa = PBXBuildFile; fileRef = 404D91991F5BCE6F00514C8E /* LaunchScreen.storyboard */; };
		404D91A61F5BCE6F00514C8E /* SecondKadaiAppTests.swift in Sources */ = {isa = PBXBuildFile; fileRef = 404D91A51F5BCE6F00514C8E /* SecondKadaiAppTests.swift */; };
		404D91B11F5BCE6F00514C8E /* SecondKadaiAppUITests.swift in Sources */ = {isa = PBXBuildFile; fileRef = 404D91B01F5BCE6F00514C8E /* SecondKadaiAppUITests.swift */; };
		404D91BF1F5BCE9500514C8E /* HelloViewController.swift in Sources */ = {isa = PBXBuildFile; fileRef = 404D91BE1F5BCE9500514C8E /* HelloViewController.swift */; };
/* End PBXBuildFile section */

/* Begin PBXContainerItemProxy section */
		404D91A21F5BCE6F00514C8E /* PBXContainerItemProxy */ = {
			isa = PBXContainerItemProxy;
			containerPortal = 404D91851F5BCE6F00514C8E /* Project object */;
			proxyType = 1;
			remoteGlobalIDString = 404D918C1F5BCE6F00514C8E;
			remoteInfo = SecondKadaiApp;
		};
		404D91AD1F5BCE6F00514C8E /* PBXContainerItemProxy */ = {
			isa = PBXContainerItemProxy;
			containerPortal = 404D91851F5BCE6F00514C8E /* Project object */;
			proxyType = 1;
			remoteGlobalIDString = 404D918C1F5BCE6F00514C8E;
			remoteInfo = SecondKadaiApp;
		};
/* End PBXContainerItemProxy section */

/* Begin PBXFileReference section */
		404D918D1F5BCE6F00514C8E /* SecondKadaiApp.app */ = {isa = PBXFileReference; explicitFileType = wrapper.application; includeInIndex = 0; path = SecondKadaiApp.app; sourceTree = BUILT_PRODUCTS_DIR; };
		404D91901F5BCE6F00514C8E /* AppDelegate.swift */ = {isa = PBXFileReference; lastKnownFileType = sourcecode.swift; path = AppDelegate.swift; sourceTree = "<group>"; };
		404D91921F5BCE6F00514C8E /* ViewController.swift */ = {isa = PBXFileReference; lastKnownFileType = sourcecode.swift; path = ViewController.swift; sourceTree = "<group>"; };
		404D91951F5BCE6F00514C8E /* Base */ = {isa = PBXFileReference; lastKnownFileType = file.storyboard; name = Base; path = Base.lproj/Main.storyboard; sourceTree = "<group>"; };
		404D91971F5BCE6F00514C8E /* Assets.xcassets */ = {isa = PBXFileReference; lastKnownFileType = folder.assetcatalog; path = Assets.xcassets; sourceTree = "<group>"; };
		404D919A1F5BCE6F00514C8E /* Base */ = {isa = PBXFileReference; lastKnownFileType = file.storyboard; name = Base; path = Base.lproj/LaunchScreen.storyboard; sourceTree = "<group>"; };
		404D919C1F5BCE6F00514C8E /* Info.plist */ = {isa = PBXFileReference; lastKnownFileType = text.plist.xml; path = Info.plist; sourceTree = "<group>"; };
		404D91A11F5BCE6F00514C8E /* SecondKadaiAppTests.xctest */ = {isa = PBXFileReference; explicitFileType = wrapper.cfbundle; includeInIndex = 0; path = SecondKadaiAppTests.xctest; sourceTree = BUILT_PRODUCTS_DIR; };
		404D91A51F5BCE6F00514C8E /* SecondKadaiAppTests.swift */ = {isa = PBXFileReference; lastKnownFileType = sourcecode.swift; path = SecondKadaiAppTests.swift; sourceTree = "<group>"; };
		404D91A71F5BCE6F00514C8E /* Info.plist */ = {isa = PBXFileReference; lastKnownFileType = text.plist.xml; path = Info.plist; sourceTree = "<group>"; };
		404D91AC1F5BCE6F00514C8E /* SecondKadaiAppUITests.xctest */ = {isa = PBXFileReference; explicitFileType = wrapper.cfbundle; includeInIndex = 0; path = SecondKadaiAppUITests.xctest; sourceTree = BUILT_PRODUCTS_DIR; };
		404D91B01F5BCE6F00514C8E /* SecondKadaiAppUITests.swift */ = {isa = PBXFileReference; lastKnownFileType = sourcecode.swift; path = SecondKadaiAppUITests.swift; sourceTree = "<group>"; };
		404D91B21F5BCE6F00514C8E /* Info.plist */ = {isa = PBXFileReference; lastKnownFileType = text.plist.xml; path = Info.plist; sourceTree = "<group>"; };
		404D91BE1F5BCE9500514C8E /* HelloViewController.swift */ = {isa = PBXFileReference; fileEncoding = 4; lastKnownFileType = sourcecode.swift; path = HelloViewController.swift; sourceTree = "<group>"; };
/* End PBXFileReference section */

/* Begin PBXFrameworksBuildPhase section */
		404D918A1F5BCE6F00514C8E /* Frameworks */ = {
			isa = PBXFrameworksBuildPhase;
			buildActionMask = 2147483647;
			files = (
			);
			runOnlyForDeploymentPostprocessing = 0;
		};
		404D919E1F5BCE6F00514C8E /* Frameworks */ = {
			isa = PBXFrameworksBuildPhase;
			buildActionMask = 2147483647;
			files = (
			);
			runOnlyForDeploymentPostprocessing = 0;
		};
		404D91A91F5BCE6F00514C8E /* Frameworks */ = {
			isa = PBXFrameworksBuildPhase;
			buildActionMask = 2147483647;
			files = (
			);
			runOnlyForDeploymentPostprocessing = 0;
		};
/* End PBXFrameworksBuildPhase section */

/* Begin PBXGroup section */
		404D91841F5BCE6F00514C8E = {
			isa = PBXGroup;
			children = (
				404D918F1F5BCE6F00514C8E /* SecondKadaiApp */,
				404D91A41F5BCE6F00514C8E /* SecondKadaiAppTests */,
				404D91AF1F5BCE6F00514C8E /* SecondKadaiAppUITests */,
				404D918E1F5BCE6F00514C8E /* Products */,
			);
			sourceTree = "<group>";
		};
		404D918E1F5BCE6F00514C8E /* Products */ = {
			isa = PBXGroup;
			children = (
				404D918D1F5BCE6F00514C8E /* SecondKadaiApp.app */,
				404D91A11F5BCE6F00514C8E /* SecondKadaiAppTests.xctest */,
				404D91AC1F5BCE6F00514C8E /* SecondKadaiAppUITests.xctest */,
			);
			name = Products;
			sourceTree = "<group>";
		};
		404D918F1F5BCE6F00514C8E /* SecondKadaiApp */ = {
			isa = PBXGroup;
			children = (
				404D91901F5BCE6F00514C8E /* AppDelegate.swift */,
				404D91921F5BCE6F00514C8E /* ViewController.swift */,
				404D91941F5BCE6F00514C8E /* Main.storyboard */,
				404D91BE1F5BCE9500514C8E /* HelloViewController.swift */,
				404D91971F5BCE6F00514C8E /* Assets.xcassets */,
				404D91991F5BCE6F00514C8E /* LaunchScreen.storyboard */,
				404D919C1F5BCE6F00514C8E /* Info.plist */,
			);
			path = SecondKadaiApp;
			sourceTree = "<group>";
		};
		404D91A41F5BCE6F00514C8E /* SecondKadaiAppTests */ = {
			isa = PBXGroup;
			children = (
				404D91A51F5BCE6F00514C8E /* SecondKadaiAppTests.swift */,
				404D91A71F5BCE6F00514C8E /* Info.plist */,
			);
			path = SecondKadaiAppTests;
			sourceTree = "<group>";
		};
		404D91AF1F5BCE6F00514C8E /* SecondKadaiAppUITests */ = {
			isa = PBXGroup;
			children = (
				404D91B01F5BCE6F00514C8E /* SecondKadaiAppUITests.swift */,
				404D91B21F5BCE6F00514C8E /* Info.plist */,
			);
			path = SecondKadaiAppUITests;
			sourceTree = "<group>";
		};
/* End PBXGroup section */

/* Begin PBXNativeTarget section */
		404D918C1F5BCE6F00514C8E /* SecondKadaiApp */ = {
			isa = PBXNativeTarget;
			buildConfigurationList = 404D91B51F5BCE6F00514C8E /* Build configuration list for PBXNativeTarget "SecondKadaiApp" */;
			buildPhases = (
				404D91891F5BCE6F00514C8E /* Sources */,
				404D918A1F5BCE6F00514C8E /* Frameworks */,
				404D918B1F5BCE6F00514C8E /* Resources */,
			);
			buildRules = (
			);
			dependencies = (
			);
			name = SecondKadaiApp;
			productName = SecondKadaiApp;
			productReference = 404D918D1F5BCE6F00514C8E /* SecondKadaiApp.app */;
			productType = "com.apple.product-type.application";
		};
		404D91A01F5BCE6F00514C8E /* SecondKadaiAppTests */ = {
			isa = PBXNativeTarget;
			buildConfigurationList = 404D91B81F5BCE6F00514C8E /* Build configuration list for PBXNativeTarget "SecondKadaiAppTests" */;
			buildPhases = (
				404D919D1F5BCE6F00514C8E /* Sources */,
				404D919E1F5BCE6F00514C8E /* Frameworks */,
				404D919F1F5BCE6F00514C8E /* Resources */,
			);
			buildRules = (
			);
			dependencies = (
				404D91A31F5BCE6F00514C8E /* PBXTargetDependency */,
			);
			name = SecondKadaiAppTests;
			productName = SecondKadaiAppTests;
			productReference = 404D91A11F5BCE6F00514C8E /* SecondKadaiAppTests.xctest */;
			productType = "com.apple.product-type.bundle.unit-test";
		};
		404D91AB1F5BCE6F00514C8E /* SecondKadaiAppUITests */ = {
			isa = PBXNativeTarget;
			buildConfigurationList = 404D91BB1F5BCE6F00514C8E /* Build configuration list for PBXNativeTarget "SecondKadaiAppUITests" */;
			buildPhases = (
				404D91A81F5BCE6F00514C8E /* Sources */,
				404D91A91F5BCE6F00514C8E /* Frameworks */,
				404D91AA1F5BCE6F00514C8E /* Resources */,
			);
			buildRules = (
			);
			dependencies = (
				404D91AE1F5BCE6F00514C8E /* PBXTargetDependency */,
			);
			name = SecondKadaiAppUITests;
			productName = SecondKadaiAppUITests;
			productReference = 404D91AC1F5BCE6F00514C8E /* SecondKadaiAppUITests.xctest */;
			productType = "com.apple.product-type.bundle.ui-testing";
		};
/* End PBXNativeTarget section */

/* Begin PBXProject section */
		404D91851F5BCE6F00514C8E /* Project object */ = {
			isa = PBXProject;
			attributes = {
				LastSwiftUpdateCheck = 0830;
				LastUpgradeCheck = 0830;
				ORGANIZATIONNAME = shouta.ikegami;
				TargetAttributes = {
					404D918C1F5BCE6F00514C8E = {
						CreatedOnToolsVersion = 8.3.3;
						ProvisioningStyle = Automatic;
					};
					404D91A01F5BCE6F00514C8E = {
						CreatedOnToolsVersion = 8.3.3;
						ProvisioningStyle = Automatic;
						TestTargetID = 404D918C1F5BCE6F00514C8E;
					};
					404D91AB1F5BCE6F00514C8E = {
						CreatedOnToolsVersion = 8.3.3;
						ProvisioningStyle = Automatic;
						TestTargetID = 404D918C1F5BCE6F00514C8E;
					};
				};
			};
			buildConfigurationList = 404D91881F5BCE6F00514C8E /* Build configuration list for PBXProject "SecondKadaiApp" */;
			compatibilityVersion = "Xcode 3.2";
			developmentRegion = English;
			hasScannedForEncodings = 0;
			knownRegions = (
				en,
				Base,
			);
			mainGroup = 404D91841F5BCE6F00514C8E;
			productRefGroup = 404D918E1F5BCE6F00514C8E /* Products */;
			projectDirPath = "";
			projectRoot = "";
			targets = (
				404D918C1F5BCE6F00514C8E /* SecondKadaiApp */,
				404D91A01F5BCE6F00514C8E /* SecondKadaiAppTests */,
				404D91AB1F5BCE6F00514C8E /* SecondKadaiAppUITests */,
			);
		};
/* End PBXProject section */

/* Begin PBXResourcesBuildPhase section */
		404D918B1F5BCE6F00514C8E /* Resources */ = {
			isa = PBXResourcesBuildPhase;
			buildActionMask = 2147483647;
			files = (
				404D919B1F5BCE6F00514C8E /* LaunchScreen.storyboard in Resources */,
				404D91981F5BCE6F00514C8E /* Assets.xcassets in Resources */,
				404D91961F5BCE6F00514C8E /* Main.storyboard in Resources */,
			);
			runOnlyForDeploymentPostprocessing = 0;
		};
		404D919F1F5BCE6F00514C8E /* Resources */ = {
			isa = PBXResourcesBuildPhase;
			buildActionMask = 2147483647;
			files = (
			);
			runOnlyForDeploymentPostprocessing = 0;
		};
		404D91AA1F5BCE6F00514C8E /* Resources */ = {
			isa = PBXResourcesBuildPhase;
			buildActionMask = 2147483647;
			files = (
			);
			runOnlyForDeploymentPostprocessing = 0;
		};
/* End PBXResourcesBuildPhase section */

/* Begin PBXSourcesBuildPhase section */
		404D91891F5BCE6F00514C8E /* Sources */ = {
			isa = PBXSourcesBuildPhase;
			buildActionMask = 2147483647;
			files = (
				404D91BF1F5BCE9500514C8E /* HelloViewController.swift in Sources */,
				404D91931F5BCE6F00514C8E /* ViewController.swift in Sources */,
				404D91911F5BCE6F00514C8E /* AppDelegate.swift in Sources */,
			);
			runOnlyForDeploymentPostprocessing = 0;
		};
		404D919D1F5BCE6F00514C8E /* Sources */ = {
			isa = PBXSourcesBuildPhase;
			buildActionMask = 2147483647;
			files = (
				404D91A61F5BCE6F00514C8E /* SecondKadaiAppTests.swift in Sources */,
			);
			runOnlyForDeploymentPostprocessing = 0;
		};
		404D91A81F5BCE6F00514C8E /* Sources */ = {
			isa = PBXSourcesBuildPhase;
			buildActionMask = 2147483647;
			files = (
				404D91B11F5BCE6F00514C8E /* SecondKadaiAppUITests.swift in Sources */,
			);
			runOnlyForDeploymentPostprocessing = 0;
		};
/* End PBXSourcesBuildPhase section */

/* Begin PBXTargetDependency section */
		404D91A31F5BCE6F00514C8E /* PBXTargetDependency */ = {
			isa = PBXTargetDependency;
			target = 404D918C1F5BCE6F00514C8E /* SecondKadaiApp */;
			targetProxy = 404D91A21F5BCE6F00514C8E /* PBXContainerItemProxy */;
		};
		404D91AE1F5BCE6F00514C8E /* PBXTargetDependency */ = {
			isa = PBXTargetDependency;
			target = 404D918C1F5BCE6F00514C8E /* SecondKadaiApp */;
			targetProxy = 404D91AD1F5BCE6F00514C8E /* PBXContainerItemProxy */;
		};
/* End PBXTargetDependency section */

/* Begin PBXVariantGroup section */
		404D91941F5BCE6F00514C8E /* Main.storyboard */ = {
			isa = PBXVariantGroup;
			children = (
				404D91951F5BCE6F00514C8E /* Base */,
			);
			name = Main.storyboard;
			sourceTree = "<group>";
		};
		404D91991F5BCE6F00514C8E /* LaunchScreen.storyboard */ = {
			isa = PBXVariantGroup;
			children = (
				404D919A1F5BCE6F00514C8E /* Base */,
			);
			name = LaunchScreen.storyboard;
			sourceTree = "<group>";
		};
/* End PBXVariantGroup section */

/* Begin XCBuildConfiguration section */
		404D91B31F5BCE6F00514C8E /* Debug */ = {
			isa = XCBuildConfiguration;
			buildSettings = {
				ALWAYS_SEARCH_USER_PATHS = NO;
				CLANG_ANALYZER_NONNULL = YES;
				CLANG_ANALYZER_NUMBER_OBJECT_CONVERSION = YES_AGGRESSIVE;
				CLANG_CXX_LANGUAGE_STANDARD = "gnu++0x";
				CLANG_CXX_LIBRARY = "libc++";
				CLANG_ENABLE_MODULES = YES;
				CLANG_ENABLE_OBJC_ARC = YES;
				CLANG_WARN_BOOL_CONVERSION = YES;
				CLANG_WARN_CONSTANT_CONVERSION = YES;
				CLANG_WARN_DIRECT_OBJC_ISA_USAGE = YES_ERROR;
				CLANG_WARN_DOCUMENTATION_COMMENTS = YES;
				CLANG_WARN_EMPTY_BODY = YES;
				CLANG_WARN_ENUM_CONVERSION = YES;
				CLANG_WARN_INFINITE_RECURSION = YES;
				CLANG_WARN_INT_CONVERSION = YES;
				CLANG_WARN_OBJC_ROOT_CLASS = YES_ERROR;
				CLANG_WARN_SUSPICIOUS_MOVE = YES;
				CLANG_WARN_UNREACHABLE_CODE = YES;
				CLANG_WARN__DUPLICATE_METHOD_MATCH = YES;
				"CODE_SIGN_IDENTITY[sdk=iphoneos*]" = "iPhone Developer";
				COPY_PHASE_STRIP = NO;
				DEBUG_INFORMATION_FORMAT = dwarf;
				ENABLE_STRICT_OBJC_MSGSEND = YES;
				ENABLE_TESTABILITY = YES;
				GCC_C_LANGUAGE_STANDARD = gnu99;
				GCC_DYNAMIC_NO_PIC = NO;
				GCC_NO_COMMON_BLOCKS = YES;
				GCC_OPTIMIZATION_LEVEL = 0;
				GCC_PREPROCESSOR_DEFINITIONS = (
					"DEBUG=1",
					"$(inherited)",
				);
				GCC_WARN_64_TO_32_BIT_CONVERSION = YES;
				GCC_WARN_ABOUT_RETURN_TYPE = YES_ERROR;
				GCC_WARN_UNDECLARED_SELECTOR = YES;
				GCC_WARN_UNINITIALIZED_AUTOS = YES_AGGRESSIVE;
				GCC_WARN_UNUSED_FUNCTION = YES;
				GCC_WARN_UNUSED_VARIABLE = YES;
				IPHONEOS_DEPLOYMENT_TARGET = 10.3;
				MTL_ENABLE_DEBUG_INFO = YES;
				ONLY_ACTIVE_ARCH = YES;
				SDKROOT = iphoneos;
				SWIFT_ACTIVE_COMPILATION_CONDITIONS = DEBUG;
				SWIFT_OPTIMIZATION_LEVEL = "-Onone";
				TARGETED_DEVICE_FAMILY = "1,2";
			};
			name = Debug;
		};
		404D91B41F5BCE6F00514C8E /* Release */ = {
			isa = XCBuildConfiguration;
			buildSettings = {
				ALWAYS_SEARCH_USER_PATHS = NO;
				CLANG_ANALYZER_NONNULL = YES;
				CLANG_ANALYZER_NUMBER_OBJECT_CONVERSION = YES_AGGRESSIVE;
				CLANG_CXX_LANGUAGE_STANDARD = "gnu++0x";
				CLANG_CXX_LIBRARY = "libc++";
				CLANG_ENABLE_MODULES = YES;
				CLANG_ENABLE_OBJC_ARC = YES;
				CLANG_WARN_BOOL_CONVERSION = YES;
				CLANG_WARN_CONSTANT_CONVERSION = YES;
				CLANG_WARN_DIRECT_OBJC_ISA_USAGE = YES_ERROR;
				CLANG_WARN_DOCUMENTATION_COMMENTS = YES;
				CLANG_WARN_EMPTY_BODY = YES;
				CLANG_WARN_ENUM_CONVERSION = YES;
				CLANG_WARN_INFINITE_RECURSION = YES;
				CLANG_WARN_INT_CONVERSION = YES;
				CLANG_WARN_OBJC_ROOT_CLASS = YES_ERROR;
				CLANG_WARN_SUSPICIOUS_MOVE = YES;
				CLANG_WARN_UNREACHABLE_CODE = YES;
				CLANG_WARN__DUPLICATE_METHOD_MATCH = YES;
				"CODE_SIGN_IDENTITY[sdk=iphoneos*]" = "iPhone Developer";
				COPY_PHASE_STRIP = NO;
				DEBUG_INFORMATION_FORMAT = "dwarf-with-dsym";
				ENABLE_NS_ASSERTIONS = NO;
				ENABLE_STRICT_OBJC_MSGSEND = YES;
				GCC_C_LANGUAGE_STANDARD = gnu99;
				GCC_NO_COMMON_BLOCKS = YES;
				GCC_WARN_64_TO_32_BIT_CONVERSION = YES;
				GCC_WARN_ABOUT_RETURN_TYPE = YES_ERROR;
				GCC_WARN_UNDECLARED_SELECTOR = YES;
				GCC_WARN_UNINITIALIZED_AUTOS = YES_AGGRESSIVE;
				GCC_WARN_UNUSED_FUNCTION = YES;
				GCC_WARN_UNUSED_VARIABLE = YES;
				IPHONEOS_DEPLOYMENT_TARGET = 10.3;
				MTL_ENABLE_DEBUG_INFO = NO;
				SDKROOT = iphoneos;
				SWIFT_OPTIMIZATION_LEVEL = "-Owholemodule";
				TARGETED_DEVICE_FAMILY = "1,2";
				VALIDATE_PRODUCT = YES;
			};
			name = Release;
		};
		404D91B61F5BCE6F00514C8E /* Debug */ = {
			isa = XCBuildConfiguration;
			buildSettings = {
				ASSETCATALOG_COMPILER_APPICON_NAME = AppIcon;
				INFOPLIST_FILE = SecondKadaiApp/Info.plist;
				LD_RUNPATH_SEARCH_PATHS = "$(inherited) @executable_path/Frameworks";
				PRODUCT_BUNDLE_IDENTIFIER = jp.techacademy.shouta.ikegami.SecondKadaiApp;
				PRODUCT_NAME = "$(TARGET_NAME)";
				SWIFT_VERSION = 3.0;
			};
			name = Debug;
		};
		404D91B71F5BCE6F00514C8E /* Release */ = {
			isa = XCBuildConfiguration;
			buildSettings = {
				ASSETCATALOG_COMPILER_APPICON_NAME = AppIcon;
				INFOPLIST_FILE = SecondKadaiApp/Info.plist;
				LD_RUNPATH_SEARCH_PATHS = "$(inherited) @executable_path/Frameworks";
				PRODUCT_BUNDLE_IDENTIFIER = jp.techacademy.shouta.ikegami.SecondKadaiApp;
				PRODUCT_NAME = "$(TARGET_NAME)";
				SWIFT_VERSION = 3.0;
			};
			name = Release;
		};
		404D91B91F5BCE6F00514C8E /* Debug */ = {
			isa = XCBuildConfiguration;
			buildSettings = {
				ALWAYS_EMBED_SWIFT_STANDARD_LIBRARIES = YES;
				BUNDLE_LOADER = "$(TEST_HOST)";
				INFOPLIST_FILE = SecondKadaiAppTests/Info.plist;
				LD_RUNPATH_SEARCH_PATHS = "$(inherited) @executable_path/Frameworks @loader_path/Frameworks";
				PRODUCT_BUNDLE_IDENTIFIER = jp.techacademy.shouta.ikegami.SecondKadaiAppTests;
				PRODUCT_NAME = "$(TARGET_NAME)";
				SWIFT_VERSION = 3.0;
				TEST_HOST = "$(BUILT_PRODUCTS_DIR)/SecondKadaiApp.app/SecondKadaiApp";
			};
			name = Debug;
		};
		404D91BA1F5BCE6F00514C8E /* Release */ = {
			isa = XCBuildConfiguration;
			buildSettings = {
				ALWAYS_EMBED_SWIFT_STANDARD_LIBRARIES = YES;
				BUNDLE_LOADER = "$(TEST_HOST)";
				INFOPLIST_FILE = SecondKadaiAppTests/Info.plist;
				LD_RUNPATH_SEARCH_PATHS = "$(inherited) @executable_path/Frameworks @loader_path/Frameworks";
				PRODUCT_BUNDLE_IDENTIFIER = jp.techacademy.shouta.ikegami.SecondKadaiAppTests;
				PRODUCT_NAME = "$(TARGET_NAME)";
				SWIFT_VERSION = 3.0;
				TEST_HOST = "$(BUILT_PRODUCTS_DIR)/SecondKadaiApp.app/SecondKadaiApp";
			};
			name = Release;
		};
		404D91BC1F5BCE6F00514C8E /* Debug */ = {
			isa = XCBuildConfiguration;
			buildSettings = {
				ALWAYS_EMBED_SWIFT_STANDARD_LIBRARIES = YES;
				INFOPLIST_FILE = SecondKadaiAppUITests/Info.plist;
				LD_RUNPATH_SEARCH_PATHS = "$(inherited) @executable_path/Frameworks @loader_path/Frameworks";
				PRODUCT_BUNDLE_IDENTIFIER = jp.techacademy.shouta.ikegami.SecondKadaiAppUITests;
				PRODUCT_NAME = "$(TARGET_NAME)";
				SWIFT_VERSION = 3.0;
				TEST_TARGET_NAME = SecondKadaiApp;
			};
			name = Debug;
		};
		404D91BD1F5BCE6F00514C8E /* Release */ = {
			isa = XCBuildConfiguration;
			buildSettings = {
				ALWAYS_EMBED_SWIFT_STANDARD_LIBRARIES = YES;
				INFOPLIST_FILE = SecondKadaiAppUITests/Info.plist;
				LD_RUNPATH_SEARCH_PATHS = "$(inherited) @executable_path/Frameworks @loader_path/Frameworks";
				PRODUCT_BUNDLE_IDENTIFIER = jp.techacademy.shouta.ikegami.SecondKadaiAppUITests;
				PRODUCT_NAME = "$(TARGET_NAME)";
				SWIFT_VERSION = 3.0;
				TEST_TARGET_NAME = SecondKadaiApp;
			};
			name = Release;
		};
/* End XCBuildConfiguration section */

/* Begin XCConfigurationList section */
		404D91881F5BCE6F00514C8E /* Build configuration list for PBXProject "SecondKadaiApp" */ = {
			isa = XCConfigurationList;
			buildConfigurations = (
				404D91B31F5BCE6F00514C8E /* Debug */,
				404D91B41F5BCE6F00514C8E /* Release */,
			);
			defaultConfigurationIsVisible = 0;
			defaultConfigurationName = Release;
		};
		404D91B51F5BCE6F00514C8E /* Build configuration list for PBXNativeTarget "SecondKadaiApp" */ = {
			isa = XCConfigurationList;
			buildConfigurations = (
				404D91B61F5BCE6F00514C8E /* Debug */,
				404D91B71F5BCE6F00514C8E /* Release */,
			);
			defaultConfigurationIsVisible = 0;
		};
		404D91B81F5BCE6F00514C8E /* Build configuration list for PBXNativeTarget "SecondKadaiAppTests" */ = {
			isa = XCConfigurationList;
			buildConfigurations = (
				404D91B91F5BCE6F00514C8E /* Debug */,
				404D91BA1F5BCE6F00514C8E /* Release */,
			);
			defaultConfigurationIsVisible = 0;
		};
		404D91BB1F5BCE6F00514C8E /* Build configuration list for PBXNativeTarget "SecondKadaiAppUITests" */ = {
			isa = XCConfigurationList;
			buildConfigurations = (
				404D91BC1F5BCE6F00514C8E /* Debug */,
				404D91BD1F5BCE6F00514C8E /* Release */,
			);
			defaultConfigurationIsVisible = 0;
		};
/* End XCConfigurationList section */
	};
	rootObject = 404D91851F5BCE6F00514C8E /* Project object */;
}
